
Microsoft Visual Studio Solution File, Format Version 12.00
# Visual Studio Version 17
VisualStudioVersion = 17.11.35222.181
MinimumVisualStudioVersion = 10.0.40219.1
Project("{9A19103F-16F7-4668-BE54-9A1E7A4F7556}") = "consoleCall", "consoleCall\consoleCall.csproj", "{AF93F450-BB1B-41B9-8A7F-7DD12B4CDCDF}"
EndProject
Project("{FAE04EC0-301F-11D3-BF4B-00C04F79EFBC}") = "secondTask", "secondTask\secondTask.csproj", "{CCC1DA5A-CD1D-4C3C-821A-F952E065391A}"
EndProject
Project("{FAE04EC0-301F-11D3-BF4B-00C04F79EFBC}") = "Task3", "Task3\Task3.csproj", "{3FECA9D3-86BD-4710-9F73-A796F6A13287}"
EndProject
Project("{FAE04EC0-301F-11D3-BF4B-00C04F79EFBC}") = "Task4", "Task4\Task4.csproj", "{6912AAB1-3BF2-4B3D-BD75-4AD08E7237A5}"
EndProject
Project("{FAE04EC0-301F-11D3-BF4B-00C04F79EFBC}") = "Task5", "Task5\Task5.csproj", "{91D945F7-32F7-4F6B-9FAE-59BDF36DCDAD}"
EndProject
Project("{FAE04EC0-301F-11D3-BF4B-00C04F79EFBC}") = "Task6", "Task6\Task6.csproj", "{C583FE1F-E093-4672-B2B5-17E08FD42273}"
EndProject
Project("{FAE04EC0-301F-11D3-BF4B-00C04F79EFBC}") = "MyFirstWebApp", "MyFirstWebApp\MyFirstWebApp.csproj", "{C240EB9C-CC27-4C21-A22B-F3AB1AD82F86}"
EndProject
Global
	GlobalSection(SolutionConfigurationPlatforms) = preSolution
		Debug|Any CPU = Debug|Any CPU
		Release|Any CPU = Release|Any CPU
	EndGlobalSection
	GlobalSection(ProjectConfigurationPlatforms) = postSolution
		{AF93F450-BB1B-41B9-8A7F-7DD12B4CDCDF}.Debug|Any CPU.ActiveCfg = Debug|Any CPU
		{AF93F450-BB1B-41B9-8A7F-7DD12B4CDCDF}.Debug|Any CPU.Build.0 = Debug|Any CPU
		{AF93F450-BB1B-41B9-8A7F-7DD12B4CDCDF}.Release|Any CPU.ActiveCfg = Release|Any CPU
		{AF93F450-BB1B-41B9-8A7F-7DD12B4CDCDF}.Release|Any CPU.Build.0 = Release|Any CPU
		{CCC1DA5A-CD1D-4C3C-821A-F952E065391A}.Debug|Any CPU.ActiveCfg = Debug|Any CPU
		{CCC1DA5A-CD1D-4C3C-821A-F952E065391A}.Debug|Any CPU.Build.0 = Debug|Any CPU
		{CCC1DA5A-CD1D-4C3C-821A-F952E065391A}.Release|Any CPU.ActiveCfg = Release|Any CPU
		{CCC1DA5A-CD1D-4C3C-821A-F952E065391A}.Release|Any CPU.Build.0 = Release|Any CPU
		{3FECA9D3-86BD-4710-9F73-A796F6A13287}.Debug|Any CPU.ActiveCfg = Debug|Any CPU
		{3FECA9D3-86BD-4710-9F73-A796F6A13287}.Debug|Any CPU.Build.0 = Debug|Any CPU
		{3FECA9D3-86BD-4710-9F73-A796F6A13287}.Release|Any CPU.ActiveCfg = Release|Any CPU
		{3FECA9D3-86BD-4710-9F73-A796F6A13287}.Release|Any CPU.Build.0 = Release|Any CPU
		{6912AAB1-3BF2-4B3D-BD75-4AD08E7237A5}.Debug|Any CPU.ActiveCfg = Debug|Any CPU
		{6912AAB1-3BF2-4B3D-BD75-4AD08E7237A5}.Debug|Any CPU.Build.0 = Debug|Any CPU
		{6912AAB1-3BF2-4B3D-BD75-4AD08E7237A5}.Release|Any CPU.ActiveCfg = Release|Any CPU
		{6912AAB1-3BF2-4B3D-BD75-4AD08E7237A5}.Release|Any CPU.Build.0 = Release|Any CPU
		{91D945F7-32F7-4F6B-9FAE-59BDF36DCDAD}.Debug|Any CPU.ActiveCfg = Debug|Any CPU
		{91D945F7-32F7-4F6B-9FAE-59BDF36DCDAD}.Debug|Any CPU.Build.0 = Debug|Any CPU
		{91D945F7-32F7-4F6B-9FAE-59BDF36DCDAD}.Release|Any CPU.ActiveCfg = Release|Any CPU
		{91D945F7-32F7-4F6B-9FAE-59BDF36DCDAD}.Release|Any CPU.Build.0 = Release|Any CPU
		{C583FE1F-E093-4672-B2B5-17E08FD42273}.Debug|Any CPU.ActiveCfg = Debug|Any CPU
		{C583FE1F-E093-4672-B2B5-17E08FD42273}.Debug|Any CPU.Build.0 = Debug|Any CPU
		{C583FE1F-E093-4672-B2B5-17E08FD42273}.Release|Any CPU.ActiveCfg = Release|Any CPU
		{C583FE1F-E093-4672-B2B5-17E08FD42273}.Release|Any CPU.Build.0 = Release|Any CPU
		{C240EB9C-CC27-4C21-A22B-F3AB1AD82F86}.Debug|Any CPU.ActiveCfg = Debug|Any CPU
		{C240EB9C-CC27-4C21-A22B-F3AB1AD82F86}.Debug|Any CPU.Build.0 = Debug|Any CPU
		{C240EB9C-CC27-4C21-A22B-F3AB1AD82F86}.Release|Any CPU.ActiveCfg = Release|Any CPU
		{C240EB9C-CC27-4C21-A22B-F3AB1AD82F86}.Release|Any CPU.Build.0 = Release|Any CPU
	EndGlobalSection
	GlobalSection(SolutionProperties) = preSolution
		HideSolutionNode = FALSE
	EndGlobalSection
	GlobalSection(ExtensibilityGlobals) = postSolution
		SolutionGuid = {5D28F6EA-6D45-4AFD-ABA9-7DCA7CEA4F67}
	EndGlobalSection
EndGlobal
